{
    "name": "node-red-project",
    "version": "0.0.1",
    "lockfileVersion": 2,
    "requires": true,
    "packages": {
        "": {
            "name": "node-red-project",
            "version": "0.0.1",
            "dependencies": {
                "node-red-contrib-average": "^0.1.8"
            }
        },
        "node_modules/node-red-contrib-average": {
            "version": "0.1.8",
            "resolved": "https://registry.npmjs.org/node-red-contrib-average/-/node-red-contrib-average-0.1.8.tgz",
            "integrity": "sha512-GTWhmZXFHKBtstRL1rioNazvtQdjXMkS03V4F3ok9d4u2ynhzcvUXY6tkljXlfcck3jfuBzZr3DlOFYqFZm1Rw=="
        }
    },
    "dependencies": {
        "node-red-contrib-average": {
            "version": "0.1.8",
            "resolved": "https://registry.npmjs.org/node-red-contrib-average/-/node-red-contrib-average-0.1.8.tgz",
            "integrity": "sha512-GTWhmZXFHKBtstRL1rioNazvtQdjXMkS03V4F3ok9d4u2ynhzcvUXY6tkljXlfcck3jfuBzZr3DlOFYqFZm1Rw=="
        }
    }
}
